
Microsoft Visual Studio Solution File, Format Version 12.00
# Visual Studio Version 17
VisualStudioVersion = 17.8.34322.80
MinimumVisualStudioVersion = 10.0.40219.1
Project("{2150E333-8FDC-42A3-9474-1A3956D46DE8}") = "Services", "Services", "{4B228ECB-D4B9-4BBD-8074-1DEFBEBA393E}"
EndProject
Project("{2150E333-8FDC-42A3-9474-1A3956D46DE8}") = "Catalog", "Catalog", "{8980FD59-3904-4CF6-9DC9-A8E349BB0CBA}"
EndProject
Project("{9A19103F-16F7-4668-BE54-9A1E7A4F7556}") = "Catalog.API", "Services\Catalog\Catalog.API\Catalog.API.csproj", "{F957E1DB-9A2D-4269-8013-66D6496CC2A9}"
EndProject
Project("{E53339B2-1760-4266-BCC7-CA923CBCF16C}") = "docker-compose", "docker-compose.dcproj", "{53DF6A78-869E-4555-A29A-109E2C416F89}"
EndProject
Global
	GlobalSection(SolutionConfigurationPlatforms) = preSolution
		Debug|Any CPU = Debug|Any CPU
		Release|Any CPU = Release|Any CPU
	EndGlobalSection
	GlobalSection(ProjectConfigurationPlatforms) = postSolution
		{F957E1DB-9A2D-4269-8013-66D6496CC2A9}.Debug|Any CPU.ActiveCfg = Debug|Any CPU
		{F957E1DB-9A2D-4269-8013-66D6496CC2A9}.Debug|Any CPU.Build.0 = Debug|Any CPU
		{F957E1DB-9A2D-4269-8013-66D6496CC2A9}.Release|Any CPU.ActiveCfg = Release|Any CPU
		{F957E1DB-9A2D-4269-8013-66D6496CC2A9}.Release|Any CPU.Build.0 = Release|Any CPU
		{53DF6A78-869E-4555-A29A-109E2C416F89}.Debug|Any CPU.ActiveCfg = Debug|Any CPU
		{53DF6A78-869E-4555-A29A-109E2C416F89}.Debug|Any CPU.Build.0 = Debug|Any CPU
		{53DF6A78-869E-4555-A29A-109E2C416F89}.Release|Any CPU.ActiveCfg = Release|Any CPU
		{53DF6A78-869E-4555-A29A-109E2C416F89}.Release|Any CPU.Build.0 = Release|Any CPU
	EndGlobalSection
	GlobalSection(SolutionProperties) = preSolution
		HideSolutionNode = FALSE
	EndGlobalSection
	GlobalSection(NestedProjects) = preSolution
		{8980FD59-3904-4CF6-9DC9-A8E349BB0CBA} = {4B228ECB-D4B9-4BBD-8074-1DEFBEBA393E}
		{F957E1DB-9A2D-4269-8013-66D6496CC2A9} = {8980FD59-3904-4CF6-9DC9-A8E349BB0CBA}
	EndGlobalSection
	GlobalSection(ExtensibilityGlobals) = postSolution
		SolutionGuid = {7E6182E2-58E5-4404-8DC1-B52DAD8968DD}
	EndGlobalSection
EndGlobal
